{
  "requires": true,
  "lockfileVersion": 1,
  "dependencies": {
    "require-dir": {
      "version": "1.0.0",
      "resolved": "https://registry.npmjs.org/require-dir/-/require-dir-1.0.0.tgz",
      "integrity": "sha512-PUJcQVTP4n6F8Un1GEEWhqnmBMfukVsL5gqwBxt7RF+nP+9hSOLJ/vSs5iUoXw1UWDgzqg9B/IIb15kfQKWsAQ=="
    }
  }
}
